Microsoft Visual Studio Solution File, Format Version 12.00
# Visual Studio Version 17
VisualStudioVersion = 17.2.32616.157
MinimumVisualStudioVersion = 10.0.40219.1
Project("{2150E333-8FDC-42A3-9474-1A3956D46DE8}") = "CopilotAgent", "CopilotAgent", "{02EA681E-C7D8-13C7-8484-4AC65E1B71E8}"
EndProject
Project("{2150E333-8FDC-42A3-9474-1A3956D46DE8}") = "reportviewercore", "reportviewercore", "{56E9CA2F-3CA6-4A04-A3D4-747935BE6AC7}"
EndProject
Project("{FAE04EC0-301F-11D3-BF4B-00C04F79EFBC}") = "ReportViewerCore.Sample.WinFormsServer", "ReportViewerCore.Sample.WinFormsServer\ReportViewerCore.Sample.WinFormsServer.csproj", "{0978E35F-8210-14AE-3DE4-97F1A80D0AED}"
EndProject
Project("{FAE04EC0-301F-11D3-BF4B-00C04F79EFBC}") = "ReportViewerCore.Sample.WinForms", "ReportViewerCore.Sample.WinForms\ReportViewerCore.Sample.WinForms.csproj", "{DF252544-C9EA-36FE-576A-DAC19B94008A}"
EndProject
Project("{FAE04EC0-301F-11D3-BF4B-00C04F79EFBC}") = "ReportViewerCore.Sample.Console", "ReportViewerCore.Sample.Console\ReportViewerCore.Sample.Console.csproj", "{E786ED52-61A1-2EA4-F192-2A727B310BFA}"
EndProject
Project("{FAE04EC0-301F-11D3-BF4B-00C04F79EFBC}") = "ReportViewerCore.Sample.AspNetCore", "ReportViewerCore.Sample.AspNetCore\ReportViewerCore.Sample.AspNetCore.csproj", "{CA82593B-FA58-B005-6B91-0E07199B120F}"
EndProject
Project("{FAE04EC0-301F-11D3-BF4B-00C04F79EFBC}") = "CliReportCompiler", "RdlcCliReportCompiler\CliReportCompiler.csproj", "{B1D5CB39-218D-11A9-4E31-031EB6757DB1}"
EndProject
Project("{FAE04EC0-301F-11D3-BF4B-00C04F79EFBC}") = "Microsoft.ReportViewer.WinForms", "Microsoft.ReportViewer.WinForms\Microsoft.ReportViewer.WinForms.csproj", "{54F3A204-B4C3-8CD3-C46A-4F0FE3ED671C}"
EndProject
Project("{FAE04EC0-301F-11D3-BF4B-00C04F79EFBC}") = "Microsoft.ReportViewer.ProcessingObjectModel", "Microsoft.ReportViewer.ProcessingObjectModel\Microsoft.ReportViewer.ProcessingObjectModel.csproj", "{ACC2ACE0-0376-27E6-8A04-448358D87CFF}"
EndProject
Project("{FAE04EC0-301F-11D3-BF4B-00C04F79EFBC}") = "Microsoft.ReportViewer.NETCore", "Microsoft.ReportViewer.NETCore\Microsoft.ReportViewer.NETCore.csproj", "{51C490D6-29A7-9AC3-5383-081F7B1C21B7}"
EndProject
Project("{FAE04EC0-301F-11D3-BF4B-00C04F79EFBC}") = "Microsoft.ReportViewer.DataVisualization", "Microsoft.ReportViewer.DataVisualization\Microsoft.ReportViewer.DataVisualization.csproj", "{B9ADB983-F2CF-6A97-F38D-F9677437EF4D}"
EndProject
Project("{FAE04EC0-301F-11D3-BF4B-00C04F79EFBC}") = "Microsoft.ReportViewer.Common", "Microsoft.ReportViewer.Common\Microsoft.ReportViewer.Common.csproj", "{947A8241-02F5-BAA5-E44C-58D0FE1176B9}"
EndProject
Global
	GlobalSection(SolutionConfigurationPlatforms) = preSolution
		Debug|Any CPU = Debug|Any CPU
		Debug|x86 = Debug|x86
		Release|Any CPU = Release|Any CPU
		Release|x86 = Release|x86
	EndGlobalSection
	GlobalSection(ProjectConfigurationPlatforms) = postSolution
		{0978E35F-8210-14AE-3DE4-97F1A80D0AED}.Debug|Any CPU.ActiveCfg = Debug|Any CPU
		{0978E35F-8210-14AE-3DE4-97F1A80D0AED}.Debug|Any CPU.Build.0 = Debug|Any CPU
		{0978E35F-8210-14AE-3DE4-97F1A80D0AED}.Debug|x86.ActiveCfg = Debug|Any CPU
		{0978E35F-8210-14AE-3DE4-97F1A80D0AED}.Debug|x86.Build.0 = Debug|Any CPU
		{0978E35F-8210-14AE-3DE4-97F1A80D0AED}.Release|Any CPU.ActiveCfg = Release|Any CPU
		{0978E35F-8210-14AE-3DE4-97F1A80D0AED}.Release|Any CPU.Build.0 = Release|Any CPU
		{0978E35F-8210-14AE-3DE4-97F1A80D0AED}.Release|x86.ActiveCfg = Release|Any CPU
		{0978E35F-8210-14AE-3DE4-97F1A80D0AED}.Release|x86.Build.0 = Release|Any CPU
		{DF252544-C9EA-36FE-576A-DAC19B94008A}.Debug|Any CPU.ActiveCfg = Debug|Any CPU
		{DF252544-C9EA-36FE-576A-DAC19B94008A}.Debug|Any CPU.Build.0 = Debug|Any CPU
		{DF252544-C9EA-36FE-576A-DAC19B94008A}.Debug|x86.ActiveCfg = Debug|Any CPU
		{DF252544-C9EA-36FE-576A-DAC19B94008A}.Debug|x86.Build.0 = Debug|Any CPU
		{DF252544-C9EA-36FE-576A-DAC19B94008A}.Release|Any CPU.ActiveCfg = Release|Any CPU
		{DF252544-C9EA-36FE-576A-DAC19B94008A}.Release|Any CPU.Build.0 = Release|Any CPU
		{DF252544-C9EA-36FE-576A-DAC19B94008A}.Release|x86.ActiveCfg = Release|Any CPU
		{DF252544-C9EA-36FE-576A-DAC19B94008A}.Release|x86.Build.0 = Release|Any CPU
		{E786ED52-61A1-2EA4-F192-2A727B310BFA}.Debug|Any CPU.ActiveCfg = Debug|Any CPU
		{E786ED52-61A1-2EA4-F192-2A727B310BFA}.Debug|Any CPU.Build.0 = Debug|Any CPU
		{E786ED52-61A1-2EA4-F192-2A727B310BFA}.Debug|x86.ActiveCfg = Debug|Any CPU
		{E786ED52-61A1-2EA4-F192-2A727B310BFA}.Debug|x86.Build.0 = Debug|Any CPU
		{E786ED52-61A1-2EA4-F192-2A727B310BFA}.Release|Any CPU.ActiveCfg = Release|Any CPU
		{E786ED52-61A1-2EA4-F192-2A727B310BFA}.Release|Any CPU.Build.0 = Release|Any CPU
		{E786ED52-61A1-2EA4-F192-2A727B310BFA}.Release|x86.ActiveCfg = Release|Any CPU
		{E786ED52-61A1-2EA4-F192-2A727B310BFA}.Release|x86.Build.0 = Release|Any CPU
		{CA82593B-FA58-B005-6B91-0E07199B120F}.Debug|Any CPU.ActiveCfg = Debug|Any CPU
		{CA82593B-FA58-B005-6B91-0E07199B120F}.Debug|Any CPU.Build.0 = Debug|Any CPU
		{CA82593B-FA58-B005-6B91-0E07199B120F}.Debug|x86.ActiveCfg = Debug|Any CPU
		{CA82593B-FA58-B005-6B91-0E07199B120F}.Debug|x86.Build.0 = Debug|Any CPU
		{CA82593B-FA58-B005-6B91-0E07199B120F}.Release|Any CPU.ActiveCfg = Release|Any CPU
		{CA82593B-FA58-B005-6B91-0E07199B120F}.Release|Any CPU.Build.0 = Release|Any CPU
		{CA82593B-FA58-B005-6B91-0E07199B120F}.Release|x86.ActiveCfg = Release|Any CPU
		{CA82593B-FA58-B005-6B91-0E07199B120F}.Release|x86.Build.0 = Release|Any CPU
		{B1D5CB39-218D-11A9-4E31-031EB6757DB1}.Debug|Any CPU.ActiveCfg = Debug|Any CPU
		{B1D5CB39-218D-11A9-4E31-031EB6757DB1}.Debug|Any CPU.Build.0 = Debug|Any CPU
		{B1D5CB39-218D-11A9-4E31-031EB6757DB1}.Debug|x86.ActiveCfg = Debug|Any CPU
		{B1D5CB39-218D-11A9-4E31-031EB6757DB1}.Debug|x86.Build.0 = Debug|Any CPU
		{B1D5CB39-218D-11A9-4E31-031EB6757DB1}.Release|Any CPU.ActiveCfg = Release|Any CPU
		{B1D5CB39-218D-11A9-4E31-031EB6757DB1}.Release|Any CPU.Build.0 = Release|Any CPU
		{B1D5CB39-218D-11A9-4E31-031EB6757DB1}.Release|x86.ActiveCfg = Release|Any CPU
		{B1D5CB39-218D-11A9-4E31-031EB6757DB1}.Release|x86.Build.0 = Release|Any CPU
		{54F3A204-B4C3-8CD3-C46A-4F0FE3ED671C}.Debug|Any CPU.ActiveCfg = Debug|Any CPU
		{54F3A204-B4C3-8CD3-C46A-4F0FE3ED671C}.Debug|Any CPU.Build.0 = Debug|Any CPU
		{54F3A204-B4C3-8CD3-C46A-4F0FE3ED671C}.Debug|x86.ActiveCfg = Debug|Any CPU
		{54F3A204-B4C3-8CD3-C46A-4F0FE3ED671C}.Debug|x86.Build.0 = Debug|Any CPU
		{54F3A204-B4C3-8CD3-C46A-4F0FE3ED671C}.Release|Any CPU.ActiveCfg = Release|Any CPU
		{54F3A204-B4C3-8CD3-C46A-4F0FE3ED671C}.Release|Any CPU.Build.0 = Release|Any CPU
		{54F3A204-B4C3-8CD3-C46A-4F0FE3ED671C}.Release|x86.ActiveCfg = Release|Any CPU
		{54F3A204-B4C3-8CD3-C46A-4F0FE3ED671C}.Release|x86.Build.0 = Release|Any CPU
		{ACC2ACE0-0376-27E6-8A04-448358D87CFF}.Debug|Any CPU.ActiveCfg = Debug|Any CPU
		{ACC2ACE0-0376-27E6-8A04-448358D87CFF}.Debug|Any CPU.Build.0 = Debug|Any CPU
		{ACC2ACE0-0376-27E6-8A04-448358D87CFF}.Debug|x86.ActiveCfg = Debug|Any CPU
		{ACC2ACE0-0376-27E6-8A04-448358D87CFF}.Debug|x86.Build.0 = Debug|Any CPU
		{ACC2ACE0-0376-27E6-8A04-448358D87CFF}.Release|Any CPU.ActiveCfg = Release|Any CPU
		{ACC2ACE0-0376-27E6-8A04-448358D87CFF}.Release|Any CPU.Build.0 = Release|Any CPU
		{ACC2ACE0-0376-27E6-8A04-448358D87CFF}.Release|x86.ActiveCfg = Release|Any CPU
		{ACC2ACE0-0376-27E6-8A04-448358D87CFF}.Release|x86.Build.0 = Release|Any CPU
		{51C490D6-29A7-9AC3-5383-081F7B1C21B7}.Debug|Any CPU.ActiveCfg = Debug|Any CPU
		{51C490D6-29A7-9AC3-5383-081F7B1C21B7}.Debug|Any CPU.Build.0 = Debug|Any CPU
		{51C490D6-29A7-9AC3-5383-081F7B1C21B7}.Debug|x86.ActiveCfg = Debug|Any CPU
		{51C490D6-29A7-9AC3-5383-081F7B1C21B7}.Debug|x86.Build.0 = Debug|Any CPU
		{51C490D6-29A7-9AC3-5383-081F7B1C21B7}.Release|Any CPU.ActiveCfg = Release|Any CPU
		{51C490D6-29A7-9AC3-5383-081F7B1C21B7}.Release|Any CPU.Build.0 = Release|Any CPU
		{51C490D6-29A7-9AC3-5383-081F7B1C21B7}.Release|x86.ActiveCfg = Release|Any CPU
		{51C490D6-29A7-9AC3-5383-081F7B1C21B7}.Release|x86.Build.0 = Release|Any CPU
		{B9ADB983-F2CF-6A97-F38D-F9677437EF4D}.Debug|Any CPU.ActiveCfg = Debug|Any CPU
		{B9ADB983-F2CF-6A97-F38D-F9677437EF4D}.Debug|Any CPU.Build.0 = Debug|Any CPU
		{B9ADB983-F2CF-6A97-F38D-F9677437EF4D}.Debug|x86.ActiveCfg = Debug|Any CPU
		{B9ADB983-F2CF-6A97-F38D-F9677437EF4D}.Debug|x86.Build.0 = Debug|Any CPU
		{B9ADB983-F2CF-6A97-F38D-F9677437EF4D}.Release|Any CPU.ActiveCfg = Release|Any CPU
		{B9ADB983-F2CF-6A97-F38D-F9677437EF4D}.Release|Any CPU.Build.0 = Release|Any CPU
		{B9ADB983-F2CF-6A97-F38D-F9677437EF4D}.Release|x86.ActiveCfg = Release|Any CPU
		{B9ADB983-F2CF-6A97-F38D-F9677437EF4D}.Release|x86.Build.0 = Release|Any CPU
		{947A8241-02F5-BAA5-E44C-58D0FE1176B9}.Debug|Any CPU.ActiveCfg = Debug|Any CPU
		{947A8241-02F5-BAA5-E44C-58D0FE1176B9}.Debug|Any CPU.Build.0 = Debug|Any CPU
		{947A8241-02F5-BAA5-E44C-58D0FE1176B9}.Debug|x86.ActiveCfg = Debug|Any CPU
		{947A8241-02F5-BAA5-E44C-58D0FE1176B9}.Debug|x86.Build.0 = Debug|Any CPU
		{947A8241-02F5-BAA5-E44C-58D0FE1176B9}.Release|Any CPU.ActiveCfg = Release|Any CPU
		{947A8241-02F5-BAA5-E44C-58D0FE1176B9}.Release|Any CPU.Build.0 = Release|Any CPU
		{947A8241-02F5-BAA5-E44C-58D0FE1176B9}.Release|x86.ActiveCfg = Release|Any CPU
		{947A8241-02F5-BAA5-E44C-58D0FE1176B9}.Release|x86.Build.0 = Release|Any CPU
	EndGlobalSection
	GlobalSection(SolutionProperties) = preSolution
		HideSolutionNode = FALSE
	EndGlobalSection
	GlobalSection(NestedProjects) = preSolution
		{56E9CA2F-3CA6-4A04-A3D4-747935BE6AC7} = {02EA681E-C7D8-13C7-8484-4AC65E1B71E8}
		{0978E35F-8210-14AE-3DE4-97F1A80D0AED} = {56E9CA2F-3CA6-4A04-A3D4-747935BE6AC7}
		{DF252544-C9EA-36FE-576A-DAC19B94008A} = {56E9CA2F-3CA6-4A04-A3D4-747935BE6AC7}
		{E786ED52-61A1-2EA4-F192-2A727B310BFA} = {56E9CA2F-3CA6-4A04-A3D4-747935BE6AC7}
		{CA82593B-FA58-B005-6B91-0E07199B120F} = {56E9CA2F-3CA6-4A04-A3D4-747935BE6AC7}
		{B1D5CB39-218D-11A9-4E31-031EB6757DB1} = {56E9CA2F-3CA6-4A04-A3D4-747935BE6AC7}
		{54F3A204-B4C3-8CD3-C46A-4F0FE3ED671C} = {56E9CA2F-3CA6-4A04-A3D4-747935BE6AC7}
		{ACC2ACE0-0376-27E6-8A04-448358D87CFF} = {56E9CA2F-3CA6-4A04-A3D4-747935BE6AC7}
		{51C490D6-29A7-9AC3-5383-081F7B1C21B7} = {56E9CA2F-3CA6-4A04-A3D4-747935BE6AC7}
		{B9ADB983-F2CF-6A97-F38D-F9677437EF4D} = {56E9CA2F-3CA6-4A04-A3D4-747935BE6AC7}
		{947A8241-02F5-BAA5-E44C-58D0FE1176B9} = {56E9CA2F-3CA6-4A04-A3D4-747935BE6AC7}
	EndGlobalSection
	GlobalSection(ExtensibilityGlobals) = postSolution
		SolutionGuid = {D1BF1BAC-F639-48A2-9CDD-D49DCC442DC9}
	EndGlobalSection
EndGlobal
