
Microsoft Visual Studio Solution File, Format Version 12.00
# 17
VisualStudioVersion = 17.2.32616.157
MinimumVisualStudioVersion = 10.0.40219.1
Project("{9A19103F-16F7-4668-BE54-9A1E7A4F7556}") = "Microsoft.ReportViewer.Common", "Microsoft.ReportViewer.Common\Microsoft.ReportViewer.Common.csproj", "{B9C13749-BEEC-4139-8195-F13C4DA10A9E}"
EndProject
Project("{9A19103F-16F7-4668-BE54-9A1E7A4F7556}") = "Microsoft.ReportViewer.DataVisualization", "Microsoft.ReportViewer.DataVisualization\Microsoft.ReportViewer.DataVisualization.csproj", "{BDAE3BD1-FCE1-4742-A217-F7BA05799D34}"
EndProject
Project("{9A19103F-16F7-4668-BE54-9A1E7A4F7556}") = "Microsoft.ReportViewer.ProcessingObjectModel", "Microsoft.ReportViewer.ProcessingObjectModel\Microsoft.ReportViewer.ProcessingObjectModel.csproj", "{D364C9F9-660C-4843-AB34-EF395D0B3C69}"
EndProject
Project("{9A19103F-16F7-4668-BE54-9A1E7A4F7556}") = "Microsoft.ReportViewer.WinForms", "Microsoft.ReportViewer.WinForms\Microsoft.ReportViewer.WinForms.csproj", "{B9938557-FE73-4208-B4D9-29245ACAE6B5}"
EndProject
Project("{9A19103F-16F7-4668-BE54-9A1E7A4F7556}") = "Microsoft.ReportViewer.NETCore", "Microsoft.ReportViewer.NETCore\Microsoft.ReportViewer.NETCore.csproj", "{89AAC4A3-3359-4C08-8417-8BBD2F942305}"
EndProject
Project("{9A19103F-16F7-4668-BE54-9A1E7A4F7556}") = "ReportViewerCore.Sample.Console", "ReportViewerCore.Sample.Console\ReportViewerCore.Sample.Console.csproj", "{12E6A560-8CB6-42EA-8927-31F0746452EE}"
EndProject
Project("{9A19103F-16F7-4668-BE54-9A1E7A4F7556}") = "ReportViewerCore.Sample.WinForms", "ReportViewerCore.Sample.WinForms\ReportViewerCore.Sample.WinForms.csproj", "{81CBA68E-9E0D-4744-A997-0BDB5F3F54E9}"
EndProject
Project("{9A19103F-16F7-4668-BE54-9A1E7A4F7556}") = "ReportViewerCore.Sample.AspNetCore", "ReportViewerCore.Sample.AspNetCore\ReportViewerCore.Sample.AspNetCore.csproj", "{12D633C9-56DA-49F6-9996-1C22BB4EBEE1}"
EndProject
Project("{9A19103F-16F7-4668-BE54-9A1E7A4F7556}") = "ReportViewerCore.Sample.WinFormsServer", "ReportViewerCore.Sample.WinFormsServer\ReportViewerCore.Sample.WinFormsServer.csproj", "{E7BEBAB0-8455-4448-B378-A93381AA3771}"
EndProject
Project("{9A19103F-16F7-4668-BE54-9A1E7A4F7556}") = "FrontLookCoreLibraryAssembly", "..\FrontLookCore\FrontLookCoreLibraryAssembly\FrontLookCoreLibraryAssembly.csproj", "{5B9A0AFE-93F3-49D8-AD7E-2F746C1A2C71}"
EndProject
Project("{9A19103F-16F7-4668-BE54-9A1E7A4F7556}") = "CliReportCompiler", "RdlcCliReportCompiler\CliReportCompiler.csproj", "{24B4D1E9-7D6D-444F-A347-483978E2CAF6}"
EndProject
Project("{9A19103F-16F7-4668-BE54-9A1E7A4F7556}") = "FrontLookCoreDbAccessLibrary.Desktop.Rdlc", "..\FrontLookCore\FrontLookCoreDbAccessLibrary\FrontLookCoreDbAccessLibrary.Desktop.Rdlc\FrontLookCoreDbAccessLibrary.Desktop.Rdlc.csproj", "{2C2A3F5F-756B-4B54-A12A-4B970BBFCFB9}"
EndProject
Project("{9A19103F-16F7-4668-BE54-9A1E7A4F7556}") = "RdlcCliReportCompiler.Tests", "RdlcCliReportCompiler.Tests\RdlcCliReportCompiler.Tests.csproj", "{117AB1DF-865E-4567-B0F2-63226F243838}"
EndProject
Project("{FAE04EC0-301F-11D3-BF4B-00C04F79EFBC}") = "Microsoft.ReportViewer.MAUI", "Microsoft.ReportViewer.MAUI\Microsoft.ReportViewer.MAUI.csproj", "{BDCEF3A2-DEED-42A5-9C6B-DE00D07D6F84}"
EndProject
Project("{FAE04EC0-301F-11D3-BF4B-00C04F79EFBC}") = "ReportViewerCore.Sample.MAUI", "ReportViewerCore.Sample.MAUI\ReportViewerCore.Sample.MAUI.csproj", "{C33495C0-8A8B-40DF-9C4E-4A0A0AB29256}"
EndProject
Project("{FAE04EC0-301F-11D3-BF4B-00C04F79EFBC}") = "Microsoft.ReportViewer.MAUI.Tests", "Microsoft.ReportViewer.MAUI.Tests\Microsoft.ReportViewer.MAUI.Tests.csproj", "{4B091B6D-A8C9-4D91-8E80-B64AFC9DEB9E}"
EndProject
Global
	GlobalSection(SolutionConfigurationPlatforms) = preSolution
		Debug|Any CPU = Debug|Any CPU
		Debug|x86 = Debug|x86
		Debug|x64 = Debug|x64
		Release|Any CPU = Release|Any CPU
		Release|x86 = Release|x86
		Release|x64 = Release|x64
	EndGlobalSection
	GlobalSection(ProjectConfigurationPlatforms) = postSolution
		{B9C13749-BEEC-4139-8195-F13C4DA10A9E}.Debug|Any CPU.ActiveCfg = Debug|Any CPU
		{B9C13749-BEEC-4139-8195-F13C4DA10A9E}.Debug|Any CPU.Build.0 = Debug|Any CPU
		{B9C13749-BEEC-4139-8195-F13C4DA10A9E}.Debug|x86.ActiveCfg = Debug|Any CPU
		{B9C13749-BEEC-4139-8195-F13C4DA10A9E}.Debug|x86.Build.0 = Debug|Any CPU
		{B9C13749-BEEC-4139-8195-F13C4DA10A9E}.Debug|x64.ActiveCfg = Debug|Any CPU
		{B9C13749-BEEC-4139-8195-F13C4DA10A9E}.Debug|x64.Build.0 = Debug|Any CPU
		{B9C13749-BEEC-4139-8195-F13C4DA10A9E}.Release|Any CPU.ActiveCfg = Release|Any CPU
		{B9C13749-BEEC-4139-8195-F13C4DA10A9E}.Release|Any CPU.Build.0 = Release|Any CPU
		{B9C13749-BEEC-4139-8195-F13C4DA10A9E}.Release|x86.ActiveCfg = Release|Any CPU
		{B9C13749-BEEC-4139-8195-F13C4DA10A9E}.Release|x86.Build.0 = Release|Any CPU
		{B9C13749-BEEC-4139-8195-F13C4DA10A9E}.Release|x64.ActiveCfg = Release|Any CPU
		{B9C13749-BEEC-4139-8195-F13C4DA10A9E}.Release|x64.Build.0 = Release|Any CPU
		{BDAE3BD1-FCE1-4742-A217-F7BA05799D34}.Debug|Any CPU.ActiveCfg = Debug|Any CPU
		{BDAE3BD1-FCE1-4742-A217-F7BA05799D34}.Debug|Any CPU.Build.0 = Debug|Any CPU
		{BDAE3BD1-FCE1-4742-A217-F7BA05799D34}.Debug|x86.ActiveCfg = Debug|Any CPU
		{BDAE3BD1-FCE1-4742-A217-F7BA05799D34}.Debug|x86.Build.0 = Debug|Any CPU
		{BDAE3BD1-FCE1-4742-A217-F7BA05799D34}.Debug|x64.ActiveCfg = Debug|Any CPU
		{BDAE3BD1-FCE1-4742-A217-F7BA05799D34}.Debug|x64.Build.0 = Debug|Any CPU
		{BDAE3BD1-FCE1-4742-A217-F7BA05799D34}.Release|Any CPU.ActiveCfg = Release|Any CPU
		{BDAE3BD1-FCE1-4742-A217-F7BA05799D34}.Release|Any CPU.Build.0 = Release|Any CPU
		{BDAE3BD1-FCE1-4742-A217-F7BA05799D34}.Release|x86.ActiveCfg = Release|Any CPU
		{BDAE3BD1-FCE1-4742-A217-F7BA05799D34}.Release|x86.Build.0 = Release|Any CPU
		{BDAE3BD1-FCE1-4742-A217-F7BA05799D34}.Release|x64.ActiveCfg = Release|Any CPU
		{BDAE3BD1-FCE1-4742-A217-F7BA05799D34}.Release|x64.Build.0 = Release|Any CPU
		{D364C9F9-660C-4843-AB34-EF395D0B3C69}.Debug|Any CPU.ActiveCfg = Debug|Any CPU
		{D364C9F9-660C-4843-AB34-EF395D0B3C69}.Debug|Any CPU.Build.0 = Debug|Any CPU
		{D364C9F9-660C-4843-AB34-EF395D0B3C69}.Debug|x86.ActiveCfg = Debug|Any CPU
		{D364C9F9-660C-4843-AB34-EF395D0B3C69}.Debug|x86.Build.0 = Debug|Any CPU
		{D364C9F9-660C-4843-AB34-EF395D0B3C69}.Debug|x64.ActiveCfg = Debug|Any CPU
		{D364C9F9-660C-4843-AB34-EF395D0B3C69}.Debug|x64.Build.0 = Debug|Any CPU
		{D364C9F9-660C-4843-AB34-EF395D0B3C69}.Release|Any CPU.ActiveCfg = Release|Any CPU
		{D364C9F9-660C-4843-AB34-EF395D0B3C69}.Release|Any CPU.Build.0 = Release|Any CPU
		{D364C9F9-660C-4843-AB34-EF395D0B3C69}.Release|x86.ActiveCfg = Release|Any CPU
		{D364C9F9-660C-4843-AB34-EF395D0B3C69}.Release|x86.Build.0 = Release|Any CPU
		{D364C9F9-660C-4843-AB34-EF395D0B3C69}.Release|x64.ActiveCfg = Release|Any CPU
		{D364C9F9-660C-4843-AB34-EF395D0B3C69}.Release|x64.Build.0 = Release|Any CPU
		{B9938557-FE73-4208-B4D9-29245ACAE6B5}.Debug|Any CPU.ActiveCfg = Debug|Any CPU
		{B9938557-FE73-4208-B4D9-29245ACAE6B5}.Debug|Any CPU.Build.0 = Debug|Any CPU
		{B9938557-FE73-4208-B4D9-29245ACAE6B5}.Debug|x86.ActiveCfg = Debug|Any CPU
		{B9938557-FE73-4208-B4D9-29245ACAE6B5}.Debug|x86.Build.0 = Debug|Any CPU
		{B9938557-FE73-4208-B4D9-29245ACAE6B5}.Debug|x64.ActiveCfg = Debug|Any CPU
		{B9938557-FE73-4208-B4D9-29245ACAE6B5}.Debug|x64.Build.0 = Debug|Any CPU
		{B9938557-FE73-4208-B4D9-29245ACAE6B5}.Release|Any CPU.ActiveCfg = Release|Any CPU
		{B9938557-FE73-4208-B4D9-29245ACAE6B5}.Release|Any CPU.Build.0 = Release|Any CPU
		{B9938557-FE73-4208-B4D9-29245ACAE6B5}.Release|x86.ActiveCfg = Release|Any CPU
		{B9938557-FE73-4208-B4D9-29245ACAE6B5}.Release|x86.Build.0 = Release|Any CPU
		{B9938557-FE73-4208-B4D9-29245ACAE6B5}.Release|x64.ActiveCfg = Release|Any CPU
		{B9938557-FE73-4208-B4D9-29245ACAE6B5}.Release|x64.Build.0 = Release|Any CPU
		{89AAC4A3-3359-4C08-8417-8BBD2F942305}.Debug|Any CPU.ActiveCfg = Debug|Any CPU
		{89AAC4A3-3359-4C08-8417-8BBD2F942305}.Debug|Any CPU.Build.0 = Debug|Any CPU
		{89AAC4A3-3359-4C08-8417-8BBD2F942305}.Debug|x86.ActiveCfg = Debug|Any CPU
		{89AAC4A3-3359-4C08-8417-8BBD2F942305}.Debug|x86.Build.0 = Debug|Any CPU
		{89AAC4A3-3359-4C08-8417-8BBD2F942305}.Debug|x64.ActiveCfg = Debug|Any CPU
		{89AAC4A3-3359-4C08-8417-8BBD2F942305}.Debug|x64.Build.0 = Debug|Any CPU
		{89AAC4A3-3359-4C08-8417-8BBD2F942305}.Release|Any CPU.ActiveCfg = Release|Any CPU
		{89AAC4A3-3359-4C08-8417-8BBD2F942305}.Release|Any CPU.Build.0 = Release|Any CPU
		{89AAC4A3-3359-4C08-8417-8BBD2F942305}.Release|x86.ActiveCfg = Release|Any CPU
		{89AAC4A3-3359-4C08-8417-8BBD2F942305}.Release|x86.Build.0 = Release|Any CPU
		{89AAC4A3-3359-4C08-8417-8BBD2F942305}.Release|x64.ActiveCfg = Release|Any CPU
		{89AAC4A3-3359-4C08-8417-8BBD2F942305}.Release|x64.Build.0 = Release|Any CPU
		{12E6A560-8CB6-42EA-8927-31F0746452EE}.Debug|Any CPU.ActiveCfg = Debug|Any CPU
		{12E6A560-8CB6-42EA-8927-31F0746452EE}.Debug|Any CPU.Build.0 = Debug|Any CPU
		{12E6A560-8CB6-42EA-8927-31F0746452EE}.Debug|x86.ActiveCfg = Debug|Any CPU
		{12E6A560-8CB6-42EA-8927-31F0746452EE}.Debug|x86.Build.0 = Debug|Any CPU
		{12E6A560-8CB6-42EA-8927-31F0746452EE}.Debug|x64.ActiveCfg = Debug|Any CPU
		{12E6A560-8CB6-42EA-8927-31F0746452EE}.Debug|x64.Build.0 = Debug|Any CPU
		{12E6A560-8CB6-42EA-8927-31F0746452EE}.Release|Any CPU.ActiveCfg = Release|Any CPU
		{12E6A560-8CB6-42EA-8927-31F0746452EE}.Release|Any CPU.Build.0 = Release|Any CPU
		{12E6A560-8CB6-42EA-8927-31F0746452EE}.Release|x86.ActiveCfg = Release|Any CPU
		{12E6A560-8CB6-42EA-8927-31F0746452EE}.Release|x86.Build.0 = Release|Any CPU
		{12E6A560-8CB6-42EA-8927-31F0746452EE}.Release|x64.ActiveCfg = Release|Any CPU
		{12E6A560-8CB6-42EA-8927-31F0746452EE}.Release|x64.Build.0 = Release|Any CPU
		{81CBA68E-9E0D-4744-A997-0BDB5F3F54E9}.Debug|Any CPU.ActiveCfg = Debug|Any CPU
		{81CBA68E-9E0D-4744-A997-0BDB5F3F54E9}.Debug|Any CPU.Build.0 = Debug|Any CPU
		{81CBA68E-9E0D-4744-A997-0BDB5F3F54E9}.Debug|x86.ActiveCfg = Debug|Any CPU
		{81CBA68E-9E0D-4744-A997-0BDB5F3F54E9}.Debug|x86.Build.0 = Debug|Any CPU
		{81CBA68E-9E0D-4744-A997-0BDB5F3F54E9}.Debug|x64.ActiveCfg = Debug|Any CPU
		{81CBA68E-9E0D-4744-A997-0BDB5F3F54E9}.Debug|x64.Build.0 = Debug|Any CPU
		{81CBA68E-9E0D-4744-A997-0BDB5F3F54E9}.Release|Any CPU.ActiveCfg = Release|Any CPU
		{81CBA68E-9E0D-4744-A997-0BDB5F3F54E9}.Release|Any CPU.Build.0 = Release|Any CPU
		{81CBA68E-9E0D-4744-A997-0BDB5F3F54E9}.Release|x86.ActiveCfg = Release|Any CPU
		{81CBA68E-9E0D-4744-A997-0BDB5F3F54E9}.Release|x86.Build.0 = Release|Any CPU
		{81CBA68E-9E0D-4744-A997-0BDB5F3F54E9}.Release|x64.ActiveCfg = Release|Any CPU
		{81CBA68E-9E0D-4744-A997-0BDB5F3F54E9}.Release|x64.Build.0 = Release|Any CPU
		{12D633C9-56DA-49F6-9996-1C22BB4EBEE1}.Debug|Any CPU.ActiveCfg = Debug|Any CPU
		{12D633C9-56DA-49F6-9996-1C22BB4EBEE1}.Debug|Any CPU.Build.0 = Debug|Any CPU
		{12D633C9-56DA-49F6-9996-1C22BB4EBEE1}.Debug|x86.ActiveCfg = Debug|Any CPU
		{12D633C9-56DA-49F6-9996-1C22BB4EBEE1}.Debug|x86.Build.0 = Debug|Any CPU
		{12D633C9-56DA-49F6-9996-1C22BB4EBEE1}.Debug|x64.ActiveCfg = Debug|Any CPU
		{12D633C9-56DA-49F6-9996-1C22BB4EBEE1}.Debug|x64.Build.0 = Debug|Any CPU
		{12D633C9-56DA-49F6-9996-1C22BB4EBEE1}.Release|Any CPU.ActiveCfg = Release|Any CPU
		{12D633C9-56DA-49F6-9996-1C22BB4EBEE1}.Release|Any CPU.Build.0 = Release|Any CPU
		{12D633C9-56DA-49F6-9996-1C22BB4EBEE1}.Release|x86.ActiveCfg = Release|Any CPU
		{12D633C9-56DA-49F6-9996-1C22BB4EBEE1}.Release|x86.Build.0 = Release|Any CPU
		{12D633C9-56DA-49F6-9996-1C22BB4EBEE1}.Release|x64.ActiveCfg = Release|Any CPU
		{12D633C9-56DA-49F6-9996-1C22BB4EBEE1}.Release|x64.Build.0 = Release|Any CPU
		{E7BEBAB0-8455-4448-B378-A93381AA3771}.Debug|Any CPU.ActiveCfg = Debug|Any CPU
		{E7BEBAB0-8455-4448-B378-A93381AA3771}.Debug|Any CPU.Build.0 = Debug|Any CPU
		{E7BEBAB0-8455-4448-B378-A93381AA3771}.Debug|x86.ActiveCfg = Debug|Any CPU
		{E7BEBAB0-8455-4448-B378-A93381AA3771}.Debug|x86.Build.0 = Debug|Any CPU
		{E7BEBAB0-8455-4448-B378-A93381AA3771}.Debug|x64.ActiveCfg = Debug|Any CPU
		{E7BEBAB0-8455-4448-B378-A93381AA3771}.Debug|x64.Build.0 = Debug|Any CPU
		{E7BEBAB0-8455-4448-B378-A93381AA3771}.Release|Any CPU.ActiveCfg = Release|Any CPU
		{E7BEBAB0-8455-4448-B378-A93381AA3771}.Release|Any CPU.Build.0 = Release|Any CPU
		{E7BEBAB0-8455-4448-B378-A93381AA3771}.Release|x86.ActiveCfg = Release|Any CPU
		{E7BEBAB0-8455-4448-B378-A93381AA3771}.Release|x86.Build.0 = Release|Any CPU
		{E7BEBAB0-8455-4448-B378-A93381AA3771}.Release|x64.ActiveCfg = Release|Any CPU
		{E7BEBAB0-8455-4448-B378-A93381AA3771}.Release|x64.Build.0 = Release|Any CPU
		{5B9A0AFE-93F3-49D8-AD7E-2F746C1A2C71}.Debug|Any CPU.ActiveCfg = Debug|Any CPU
		{5B9A0AFE-93F3-49D8-AD7E-2F746C1A2C71}.Debug|Any CPU.Build.0 = Debug|Any CPU
		{5B9A0AFE-93F3-49D8-AD7E-2F746C1A2C71}.Debug|x86.ActiveCfg = Debug|x86
		{5B9A0AFE-93F3-49D8-AD7E-2F746C1A2C71}.Debug|x86.Build.0 = Debug|x86
		{5B9A0AFE-93F3-49D8-AD7E-2F746C1A2C71}.Debug|x64.ActiveCfg = Debug|Any CPU
		{5B9A0AFE-93F3-49D8-AD7E-2F746C1A2C71}.Debug|x64.Build.0 = Debug|Any CPU
		{5B9A0AFE-93F3-49D8-AD7E-2F746C1A2C71}.Release|Any CPU.ActiveCfg = Release|Any CPU
		{5B9A0AFE-93F3-49D8-AD7E-2F746C1A2C71}.Release|Any CPU.Build.0 = Release|Any CPU
		{5B9A0AFE-93F3-49D8-AD7E-2F746C1A2C71}.Release|x86.ActiveCfg = Release|x86
		{5B9A0AFE-93F3-49D8-AD7E-2F746C1A2C71}.Release|x86.Build.0 = Release|x86
		{5B9A0AFE-93F3-49D8-AD7E-2F746C1A2C71}.Release|x64.ActiveCfg = Release|Any CPU
		{5B9A0AFE-93F3-49D8-AD7E-2F746C1A2C71}.Release|x64.Build.0 = Release|Any CPU
		{24B4D1E9-7D6D-444F-A347-483978E2CAF6}.Debug|Any CPU.ActiveCfg = Debug|Any CPU
		{24B4D1E9-7D6D-444F-A347-483978E2CAF6}.Debug|Any CPU.Build.0 = Debug|Any CPU
		{24B4D1E9-7D6D-444F-A347-483978E2CAF6}.Debug|x86.ActiveCfg = Debug|Any CPU
		{24B4D1E9-7D6D-444F-A347-483978E2CAF6}.Debug|x86.Build.0 = Debug|Any CPU
		{24B4D1E9-7D6D-444F-A347-483978E2CAF6}.Debug|x64.ActiveCfg = Debug|Any CPU
		{24B4D1E9-7D6D-444F-A347-483978E2CAF6}.Debug|x64.Build.0 = Debug|Any CPU
		{24B4D1E9-7D6D-444F-A347-483978E2CAF6}.Release|Any CPU.ActiveCfg = Release|Any CPU
		{24B4D1E9-7D6D-444F-A347-483978E2CAF6}.Release|Any CPU.Build.0 = Release|Any CPU
		{24B4D1E9-7D6D-444F-A347-483978E2CAF6}.Release|x86.ActiveCfg = Release|Any CPU
		{24B4D1E9-7D6D-444F-A347-483978E2CAF6}.Release|x86.Build.0 = Release|Any CPU
		{24B4D1E9-7D6D-444F-A347-483978E2CAF6}.Release|x64.ActiveCfg = Release|Any CPU
		{24B4D1E9-7D6D-444F-A347-483978E2CAF6}.Release|x64.Build.0 = Release|Any CPU
		{2C2A3F5F-756B-4B54-A12A-4B970BBFCFB9}.Debug|Any CPU.ActiveCfg = Debug|Any CPU
		{2C2A3F5F-756B-4B54-A12A-4B970BBFCFB9}.Debug|Any CPU.Build.0 = Debug|Any CPU
		{2C2A3F5F-756B-4B54-A12A-4B970BBFCFB9}.Debug|x86.ActiveCfg = Debug|Any CPU
		{2C2A3F5F-756B-4B54-A12A-4B970BBFCFB9}.Debug|x86.Build.0 = Debug|Any CPU
		{2C2A3F5F-756B-4B54-A12A-4B970BBFCFB9}.Debug|x64.ActiveCfg = Debug|Any CPU
		{2C2A3F5F-756B-4B54-A12A-4B970BBFCFB9}.Debug|x64.Build.0 = Debug|Any CPU
		{2C2A3F5F-756B-4B54-A12A-4B970BBFCFB9}.Release|Any CPU.ActiveCfg = Release|Any CPU
		{2C2A3F5F-756B-4B54-A12A-4B970BBFCFB9}.Release|Any CPU.Build.0 = Release|Any CPU
		{2C2A3F5F-756B-4B54-A12A-4B970BBFCFB9}.Release|x86.ActiveCfg = Release|Any CPU
		{2C2A3F5F-756B-4B54-A12A-4B970BBFCFB9}.Release|x86.Build.0 = Release|Any CPU
		{2C2A3F5F-756B-4B54-A12A-4B970BBFCFB9}.Release|x64.ActiveCfg = Release|Any CPU
		{2C2A3F5F-756B-4B54-A12A-4B970BBFCFB9}.Release|x64.Build.0 = Release|Any CPU
		{117AB1DF-865E-4567-B0F2-63226F243838}.Debug|Any CPU.ActiveCfg = Debug|Any CPU
		{117AB1DF-865E-4567-B0F2-63226F243838}.Debug|Any CPU.Build.0 = Debug|Any CPU
		{117AB1DF-865E-4567-B0F2-63226F243838}.Debug|x86.ActiveCfg = Debug|Any CPU
		{117AB1DF-865E-4567-B0F2-63226F243838}.Debug|x86.Build.0 = Debug|Any CPU
		{117AB1DF-865E-4567-B0F2-63226F243838}.Debug|x64.ActiveCfg = Debug|Any CPU
		{117AB1DF-865E-4567-B0F2-63226F243838}.Debug|x64.Build.0 = Debug|Any CPU
		{117AB1DF-865E-4567-B0F2-63226F243838}.Release|Any CPU.ActiveCfg = Release|Any CPU
		{117AB1DF-865E-4567-B0F2-63226F243838}.Release|Any CPU.Build.0 = Release|Any CPU
		{117AB1DF-865E-4567-B0F2-63226F243838}.Release|x86.ActiveCfg = Release|Any CPU
		{117AB1DF-865E-4567-B0F2-63226F243838}.Release|x86.Build.0 = Release|Any CPU
		{117AB1DF-865E-4567-B0F2-63226F243838}.Release|x64.ActiveCfg = Release|Any CPU
		{117AB1DF-865E-4567-B0F2-63226F243838}.Release|x64.Build.0 = Release|Any CPU
		{BDCEF3A2-DEED-42A5-9C6B-DE00D07D6F84}.Debug|Any CPU.ActiveCfg = Debug|Any CPU
		{BDCEF3A2-DEED-42A5-9C6B-DE00D07D6F84}.Debug|Any CPU.Build.0 = Debug|Any CPU
		{BDCEF3A2-DEED-42A5-9C6B-DE00D07D6F84}.Debug|x86.ActiveCfg = Debug|Any CPU
		{BDCEF3A2-DEED-42A5-9C6B-DE00D07D6F84}.Debug|x86.Build.0 = Debug|Any CPU
		{BDCEF3A2-DEED-42A5-9C6B-DE00D07D6F84}.Debug|x64.ActiveCfg = Debug|Any CPU
		{BDCEF3A2-DEED-42A5-9C6B-DE00D07D6F84}.Debug|x64.Build.0 = Debug|Any CPU
		{BDCEF3A2-DEED-42A5-9C6B-DE00D07D6F84}.Release|Any CPU.ActiveCfg = Release|Any CPU
		{BDCEF3A2-DEED-42A5-9C6B-DE00D07D6F84}.Release|Any CPU.Build.0 = Release|Any CPU
		{BDCEF3A2-DEED-42A5-9C6B-DE00D07D6F84}.Release|x86.ActiveCfg = Release|Any CPU
		{BDCEF3A2-DEED-42A5-9C6B-DE00D07D6F84}.Release|x86.Build.0 = Release|Any CPU
		{BDCEF3A2-DEED-42A5-9C6B-DE00D07D6F84}.Release|x64.ActiveCfg = Release|Any CPU
		{BDCEF3A2-DEED-42A5-9C6B-DE00D07D6F84}.Release|x64.Build.0 = Release|Any CPU
		{C33495C0-8A8B-40DF-9C4E-4A0A0AB29256}.Debug|Any CPU.ActiveCfg = Debug|Any CPU
		{C33495C0-8A8B-40DF-9C4E-4A0A0AB29256}.Debug|Any CPU.Build.0 = Debug|Any CPU
		{C33495C0-8A8B-40DF-9C4E-4A0A0AB29256}.Debug|x86.ActiveCfg = Debug|Any CPU
		{C33495C0-8A8B-40DF-9C4E-4A0A0AB29256}.Debug|x86.Build.0 = Debug|Any CPU
		{C33495C0-8A8B-40DF-9C4E-4A0A0AB29256}.Debug|x64.ActiveCfg = Debug|Any CPU
		{C33495C0-8A8B-40DF-9C4E-4A0A0AB29256}.Debug|x64.Build.0 = Debug|Any CPU
		{C33495C0-8A8B-40DF-9C4E-4A0A0AB29256}.Release|Any CPU.ActiveCfg = Release|Any CPU
		{C33495C0-8A8B-40DF-9C4E-4A0A0AB29256}.Release|Any CPU.Build.0 = Release|Any CPU
		{C33495C0-8A8B-40DF-9C4E-4A0A0AB29256}.Release|x86.ActiveCfg = Release|Any CPU
		{C33495C0-8A8B-40DF-9C4E-4A0A0AB29256}.Release|x86.Build.0 = Release|Any CPU
		{C33495C0-8A8B-40DF-9C4E-4A0A0AB29256}.Release|x64.ActiveCfg = Release|Any CPU
		{C33495C0-8A8B-40DF-9C4E-4A0A0AB29256}.Release|x64.Build.0 = Release|Any CPU
		{4B091B6D-A8C9-4D91-8E80-B64AFC9DEB9E}.Debug|Any CPU.ActiveCfg = Debug|Any CPU
		{4B091B6D-A8C9-4D91-8E80-B64AFC9DEB9E}.Debug|Any CPU.Build.0 = Debug|Any CPU
		{4B091B6D-A8C9-4D91-8E80-B64AFC9DEB9E}.Debug|x86.ActiveCfg = Debug|Any CPU
		{4B091B6D-A8C9-4D91-8E80-B64AFC9DEB9E}.Debug|x86.Build.0 = Debug|Any CPU
		{4B091B6D-A8C9-4D91-8E80-B64AFC9DEB9E}.Debug|x64.ActiveCfg = Debug|Any CPU
		{4B091B6D-A8C9-4D91-8E80-B64AFC9DEB9E}.Debug|x64.Build.0 = Debug|Any CPU
		{4B091B6D-A8C9-4D91-8E80-B64AFC9DEB9E}.Release|Any CPU.ActiveCfg = Release|Any CPU
		{4B091B6D-A8C9-4D91-8E80-B64AFC9DEB9E}.Release|Any CPU.Build.0 = Release|Any CPU
		{4B091B6D-A8C9-4D91-8E80-B64AFC9DEB9E}.Release|x86.ActiveCfg = Release|Any CPU
		{4B091B6D-A8C9-4D91-8E80-B64AFC9DEB9E}.Release|x86.Build.0 = Release|Any CPU
		{4B091B6D-A8C9-4D91-8E80-B64AFC9DEB9E}.Release|x64.ActiveCfg = Release|Any CPU
		{4B091B6D-A8C9-4D91-8E80-B64AFC9DEB9E}.Release|x64.Build.0 = Release|Any CPU
	EndGlobalSection
	GlobalSection(SolutionProperties) = preSolution
		HideSolutionNode = FALSE
	EndGlobalSection
	GlobalSection(ExtensibilityGlobals) = postSolution
		SolutionGuid = {D1BF1BAC-F639-48A2-9CDD-D49DCC442DC9}
	EndGlobalSection
EndGlobal
